// !$*UTF8*$!
{
	archiveVersion = 1;
	classes = {
	};
	objectVersion = 56;
	objects = {

/* Begin PBXBuildFile section */
		EBCC1B4D2AB5B4C400B63CA1 /* MovieTestAppApp.swift in Sources */ = {isa = PBXBuildFile; fileRef = EBCC1B4C2AB5B4C400B63CA1 /* MovieTestAppApp.swift */; };
		EBCC1B512AB5B4C700B63CA1 /* Assets.xcassets in Resources */ = {isa = PBXBuildFile; fileRef = EBCC1B502AB5B4C700B63CA1 /* Assets.xcassets */; };
		EBCC1B542AB5B4C700B63CA1 /* Preview Assets.xcassets in Resources */ = {isa = PBXBuildFile; fileRef = EBCC1B532AB5B4C700B63CA1 /* Preview Assets.xcassets */; };
		EBCC1B5E2AB5B51E00B63CA1 /* HomeView.swift in Sources */ = {isa = PBXBuildFile; fileRef = EBCC1B5D2AB5B51E00B63CA1 /* HomeView.swift */; };
		EBCC1B602AB5BA9F00B63CA1 /* PinterestGridView.swift in Sources */ = {isa = PBXBuildFile; fileRef = EBCC1B5F2AB5BA9F00B63CA1 /* PinterestGridView.swift */; };
		EBCC1B622AB5BAD900B63CA1 /* Movie.swift in Sources */ = {isa = PBXBuildFile; fileRef = EBCC1B612AB5BAD900B63CA1 /* Movie.swift */; };
		EBCC1B642AB5C5A400B63CA1 /* PinterestItemView.swift in Sources */ = {isa = PBXBuildFile; fileRef = EBCC1B632AB5C5A400B63CA1 /* PinterestItemView.swift */; };
		EBCC1B682AB5D49C00B63CA1 /* Extension+EnvironmentValue.swift in Sources */ = {isa = PBXBuildFile; fileRef = EBCC1B672AB5D49C00B63CA1 /* Extension+EnvironmentValue.swift */; };
		EBCC1B6C2AB5D58E00B63CA1 /* HomeDetailView.swift in Sources */ = {isa = PBXBuildFile; fileRef = EBCC1B6B2AB5D58E00B63CA1 /* HomeDetailView.swift */; };
		EBCC1B6E2AB5E4F200B63CA1 /* SubtitleComponent.swift in Sources */ = {isa = PBXBuildFile; fileRef = EBCC1B6D2AB5E4F200B63CA1 /* SubtitleComponent.swift */; };
		EBCC1B712AB5E72200B63CA1 /* ImageLoader.swift in Sources */ = {isa = PBXBuildFile; fileRef = EBCC1B702AB5E72200B63CA1 /* ImageLoader.swift */; };
		EBCC1B732AB5E73200B63CA1 /* ImageCache.swift in Sources */ = {isa = PBXBuildFile; fileRef = EBCC1B722AB5E73200B63CA1 /* ImageCache.swift */; };
		EBCC1B752AB5E9DB00B63CA1 /* HomeDetailViewViewModel.swift in Sources */ = {isa = PBXBuildFile; fileRef = EBCC1B742AB5E9DB00B63CA1 /* HomeDetailViewViewModel.swift */; };
		EBCC1B772AB5EA9400B63CA1 /* HomeViewViewModel.swift in Sources */ = {isa = PBXBuildFile; fileRef = EBCC1B762AB5EA9400B63CA1 /* HomeViewViewModel.swift */; };
		EBCC1B7A2AB5EBFC00B63CA1 /* HomeService.swift in Sources */ = {isa = PBXBuildFile; fileRef = EBCC1B792AB5EBFC00B63CA1 /* HomeService.swift */; };
		EBCC1B7C2AB5EC1800B63CA1 /* MovieEndpoint.swift in Sources */ = {isa = PBXBuildFile; fileRef = EBCC1B7B2AB5EC1800B63CA1 /* MovieEndpoint.swift */; };
		EBCC1B7E2AB6417200B63CA1 /* PinterestItemViewViewModel.swift in Sources */ = {isa = PBXBuildFile; fileRef = EBCC1B7D2AB6417200B63CA1 /* PinterestItemViewViewModel.swift */; };
		EBE813F52AB6DE61006B6407 /* Extension+String.swift in Sources */ = {isa = PBXBuildFile; fileRef = EBE813F42AB6DE61006B6407 /* Extension+String.swift */; };
		EBE813F72AB6DEBA006B6407 /* CoreDataManager.swift in Sources */ = {isa = PBXBuildFile; fileRef = EBE813F62AB6DEBA006B6407 /* CoreDataManager.swift */; };
		EBE813FB2AB6DF4A006B6407 /* MovieModel.xcdatamodeld in Sources */ = {isa = PBXBuildFile; fileRef = EBE813F92AB6DF4A006B6407 /* MovieModel.xcdatamodeld */; };
		EBE813FD2AB6E82C006B6407 /* Extension+Array.swift in Sources */ = {isa = PBXBuildFile; fileRef = EBE813FC2AB6E82C006B6407 /* Extension+Array.swift */; };
/* End PBXBuildFile section */

/* Begin PBXFileReference section */
		EBCC1B492AB5B4C400B63CA1 /* MovieTestApp.app */ = {isa = PBXFileReference; explicitFileType = wrapper.application; includeInIndex = 0; path = MovieTestApp.app; sourceTree = BUILT_PRODUCTS_DIR; };
		EBCC1B4C2AB5B4C400B63CA1 /* MovieTestAppApp.swift */ = {isa = PBXFileReference; lastKnownFileType = sourcecode.swift; path = MovieTestAppApp.swift; sourceTree = "<group>"; };
		EBCC1B502AB5B4C700B63CA1 /* Assets.xcassets */ = {isa = PBXFileReference; lastKnownFileType = folder.assetcatalog; path = Assets.xcassets; sourceTree = "<group>"; };
		EBCC1B532AB5B4C700B63CA1 /* Preview Assets.xcassets */ = {isa = PBXFileReference; lastKnownFileType = folder.assetcatalog; path = "Preview Assets.xcassets"; sourceTree = "<group>"; };
		EBCC1B5D2AB5B51E00B63CA1 /* HomeView.swift */ = {isa = PBXFileReference; lastKnownFileType = sourcecode.swift; path = HomeView.swift; sourceTree = "<group>"; };
		EBCC1B5F2AB5BA9F00B63CA1 /* PinterestGridView.swift */ = {isa = PBXFileReference; lastKnownFileType = sourcecode.swift; path = PinterestGridView.swift; sourceTree = "<group>"; };
		EBCC1B612AB5BAD900B63CA1 /* Movie.swift */ = {isa = PBXFileReference; lastKnownFileType = sourcecode.swift; path = Movie.swift; sourceTree = "<group>"; };
		EBCC1B632AB5C5A400B63CA1 /* PinterestItemView.swift */ = {isa = PBXFileReference; lastKnownFileType = sourcecode.swift; path = PinterestItemView.swift; sourceTree = "<group>"; };
		EBCC1B672AB5D49C00B63CA1 /* Extension+EnvironmentValue.swift */ = {isa = PBXFileReference; lastKnownFileType = sourcecode.swift; path = "Extension+EnvironmentValue.swift"; sourceTree = "<group>"; };
		EBCC1B6B2AB5D58E00B63CA1 /* HomeDetailView.swift */ = {isa = PBXFileReference; lastKnownFileType = sourcecode.swift; path = HomeDetailView.swift; sourceTree = "<group>"; };
		EBCC1B6D2AB5E4F200B63CA1 /* SubtitleComponent.swift */ = {isa = PBXFileReference; lastKnownFileType = sourcecode.swift; path = SubtitleComponent.swift; sourceTree = "<group>"; };
		EBCC1B702AB5E72200B63CA1 /* ImageLoader.swift */ = {isa = PBXFileReference; lastKnownFileType = sourcecode.swift; path = ImageLoader.swift; sourceTree = "<group>"; };
		EBCC1B722AB5E73200B63CA1 /* ImageCache.swift */ = {isa = PBXFileReference; lastKnownFileType = sourcecode.swift; path = ImageCache.swift; sourceTree = "<group>"; };
		EBCC1B742AB5E9DB00B63CA1 /* HomeDetailViewViewModel.swift */ = {isa = PBXFileReference; lastKnownFileType = sourcecode.swift; path = HomeDetailViewViewModel.swift; sourceTree = "<group>"; };
		EBCC1B762AB5EA9400B63CA1 /* HomeViewViewModel.swift */ = {isa = PBXFileReference; lastKnownFileType = sourcecode.swift; path = HomeViewViewModel.swift; sourceTree = "<group>"; };
		EBCC1B792AB5EBFC00B63CA1 /* HomeService.swift */ = {isa = PBXFileReference; lastKnownFileType = sourcecode.swift; path = HomeService.swift; sourceTree = "<group>"; };
		EBCC1B7B2AB5EC1800B63CA1 /* MovieEndpoint.swift */ = {isa = PBXFileReference; lastKnownFileType = sourcecode.swift; path = MovieEndpoint.swift; sourceTree = "<group>"; };
		EBCC1B7D2AB6417200B63CA1 /* PinterestItemViewViewModel.swift */ = {isa = PBXFileReference; lastKnownFileType = sourcecode.swift; path = PinterestItemViewViewModel.swift; sourceTree = "<group>"; };
		EBE813F42AB6DE61006B6407 /* Extension+String.swift */ = {isa = PBXFileReference; lastKnownFileType = sourcecode.swift; path = "Extension+String.swift"; sourceTree = "<group>"; };
		EBE813F62AB6DEBA006B6407 /* CoreDataManager.swift */ = {isa = PBXFileReference; lastKnownFileType = sourcecode.swift; path = CoreDataManager.swift; sourceTree = "<group>"; };
		EBE813FA2AB6DF4A006B6407 /* MovieModel.xcdatamodel */ = {isa = PBXFileReference; lastKnownFileType = wrapper.xcdatamodel; path = MovieModel.xcdatamodel; sourceTree = "<group>"; };
		EBE813FC2AB6E82C006B6407 /* Extension+Array.swift */ = {isa = PBXFileReference; lastKnownFileType = sourcecode.swift; path = "Extension+Array.swift"; sourceTree = "<group>"; };
/* End PBXFileReference section */

/* Begin PBXFrameworksBuildPhase section */
		EBCC1B462AB5B4C400B63CA1 /* Frameworks */ = {
			isa = PBXFrameworksBuildPhase;
			buildActionMask = 2147483647;
			files = (
			);
			runOnlyForDeploymentPostprocessing = 0;
		};
/* End PBXFrameworksBuildPhase section */

/* Begin PBXGroup section */
		EBCC1B402AB5B4C400B63CA1 = {
			isa = PBXGroup;
			children = (
				EBCC1B4B2AB5B4C400B63CA1 /* MovieTestApp */,
				EBCC1B4A2AB5B4C400B63CA1 /* Products */,
			);
			sourceTree = "<group>";
		};
		EBCC1B4A2AB5B4C400B63CA1 /* Products */ = {
			isa = PBXGroup;
			children = (
				EBCC1B492AB5B4C400B63CA1 /* MovieTestApp.app */,
			);
			name = Products;
			sourceTree = "<group>";
		};
		EBCC1B4B2AB5B4C400B63CA1 /* MovieTestApp */ = {
			isa = PBXGroup;
			children = (
				EBCC1B652AB5D47900B63CA1 /* Resource */,
				EBCC1B5C2AB5B4DC00B63CA1 /* ViewModel */,
				EBCC1B5B2AB5B4D700B63CA1 /* Model */,
				EBCC1B5A2AB5B4D100B63CA1 /* View */,
				EBCC1B502AB5B4C700B63CA1 /* Assets.xcassets */,
				EBCC1B522AB5B4C700B63CA1 /* Preview Content */,
			);
			path = MovieTestApp;
			sourceTree = "<group>";
		};
		EBCC1B522AB5B4C700B63CA1 /* Preview Content */ = {
			isa = PBXGroup;
			children = (
				EBCC1B532AB5B4C700B63CA1 /* Preview Assets.xcassets */,
			);
			path = "Preview Content";
			sourceTree = "<group>";
		};
		EBCC1B5A2AB5B4D100B63CA1 /* View */ = {
			isa = PBXGroup;
			children = (
				EBCC1B6A2AB5D56F00B63CA1 /* HomeDetail */,
				EBCC1B692AB5D55700B63CA1 /* Home */,
				EBCC1B4C2AB5B4C400B63CA1 /* MovieTestAppApp.swift */,
			);
			path = View;
			sourceTree = "<group>";
		};
		EBCC1B5B2AB5B4D700B63CA1 /* Model */ = {
			isa = PBXGroup;
			children = (
				EBCC1B612AB5BAD900B63CA1 /* Movie.swift */,
			);
			path = Model;
			sourceTree = "<group>";
		};
		EBCC1B5C2AB5B4DC00B63CA1 /* ViewModel */ = {
			isa = PBXGroup;
			children = (
				EBCC1B742AB5E9DB00B63CA1 /* HomeDetailViewViewModel.swift */,
				EBCC1B762AB5EA9400B63CA1 /* HomeViewViewModel.swift */,
				EBCC1B7D2AB6417200B63CA1 /* PinterestItemViewViewModel.swift */,
			);
			path = ViewModel;
			sourceTree = "<group>";
		};
		EBCC1B652AB5D47900B63CA1 /* Resource */ = {
			isa = PBXGroup;
			children = (
				EBE813F82AB6DF2F006B6407 /* DataModel */,
				EBCC1B782AB5EAAF00B63CA1 /* Network */,
				EBCC1B6F2AB5E70F00B63CA1 /* Helper */,
				EBCC1B662AB5D48700B63CA1 /* Extension */,
			);
			path = Resource;
			sourceTree = "<group>";
		};
		EBCC1B662AB5D48700B63CA1 /* Extension */ = {
			isa = PBXGroup;
			children = (
				EBCC1B672AB5D49C00B63CA1 /* Extension+EnvironmentValue.swift */,
				EBE813F42AB6DE61006B6407 /* Extension+String.swift */,
				EBE813FC2AB6E82C006B6407 /* Extension+Array.swift */,
			);
			path = Extension;
			sourceTree = "<group>";
		};
		EBCC1B692AB5D55700B63CA1 /* Home */ = {
			isa = PBXGroup;
			children = (
				EBCC1B5D2AB5B51E00B63CA1 /* HomeView.swift */,
				EBCC1B5F2AB5BA9F00B63CA1 /* PinterestGridView.swift */,
				EBCC1B632AB5C5A400B63CA1 /* PinterestItemView.swift */,
			);
			path = Home;
			sourceTree = "<group>";
		};
		EBCC1B6A2AB5D56F00B63CA1 /* HomeDetail */ = {
			isa = PBXGroup;
			children = (
				EBCC1B6B2AB5D58E00B63CA1 /* HomeDetailView.swift */,
				EBCC1B6D2AB5E4F200B63CA1 /* SubtitleComponent.swift */,
			);
			path = HomeDetail;
			sourceTree = "<group>";
		};
		EBCC1B6F2AB5E70F00B63CA1 /* Helper */ = {
			isa = PBXGroup;
			children = (
				EBCC1B702AB5E72200B63CA1 /* ImageLoader.swift */,
				EBCC1B722AB5E73200B63CA1 /* ImageCache.swift */,
				EBE813F62AB6DEBA006B6407 /* CoreDataManager.swift */,
			);
			path = Helper;
			sourceTree = "<group>";
		};
		EBCC1B782AB5EAAF00B63CA1 /* Network */ = {
			isa = PBXGroup;
			children = (
				EBCC1B792AB5EBFC00B63CA1 /* HomeService.swift */,
				EBCC1B7B2AB5EC1800B63CA1 /* MovieEndpoint.swift */,
			);
			path = Network;
			sourceTree = "<group>";
		};
		EBE813F82AB6DF2F006B6407 /* DataModel */ = {
			isa = PBXGroup;
			children = (
				EBE813F92AB6DF4A006B6407 /* MovieModel.xcdatamodeld */,
			);
			path = DataModel;
			sourceTree = "<group>";
		};
/* End PBXGroup section */

/* Begin PBXNativeTarget section */
		EBCC1B482AB5B4C400B63CA1 /* MovieTestApp */ = {
			isa = PBXNativeTarget;
			buildConfigurationList = EBCC1B572AB5B4C700B63CA1 /* Build configuration list for PBXNativeTarget "MovieTestApp" */;
			buildPhases = (
				EBCC1B452AB5B4C400B63CA1 /* Sources */,
				EBCC1B462AB5B4C400B63CA1 /* Frameworks */,
				EBCC1B472AB5B4C400B63CA1 /* Resources */,
			);
			buildRules = (
			);
			dependencies = (
			);
			name = MovieTestApp;
			productName = MovieTestApp;
			productReference = EBCC1B492AB5B4C400B63CA1 /* MovieTestApp.app */;
			productType = "com.apple.product-type.application";
		};
/* End PBXNativeTarget section */

/* Begin PBXProject section */
		EBCC1B412AB5B4C400B63CA1 /* Project object */ = {
			isa = PBXProject;
			attributes = {
				BuildIndependentTargetsInParallel = 1;
				LastSwiftUpdateCheck = 1420;
				LastUpgradeCheck = 1420;
				TargetAttributes = {
					EBCC1B482AB5B4C400B63CA1 = {
						CreatedOnToolsVersion = 14.2;
					};
				};
			};
			buildConfigurationList = EBCC1B442AB5B4C400B63CA1 /* Build configuration list for PBXProject "MovieTestApp" */;
			compatibilityVersion = "Xcode 14.0";
			developmentRegion = en;
			hasScannedForEncodings = 0;
			knownRegions = (
				en,
				Base,
			);
			mainGroup = EBCC1B402AB5B4C400B63CA1;
			productRefGroup = EBCC1B4A2AB5B4C400B63CA1 /* Products */;
			projectDirPath = "";
			projectRoot = "";
			targets = (
				EBCC1B482AB5B4C400B63CA1 /* MovieTestApp */,
			);
		};
/* End PBXProject section */

/* Begin PBXResourcesBuildPhase section */
		EBCC1B472AB5B4C400B63CA1 /* Resources */ = {
			isa = PBXResourcesBuildPhase;
			buildActionMask = 2147483647;
			files = (
				EBCC1B542AB5B4C700B63CA1 /* Preview Assets.xcassets in Resources */,
				EBCC1B512AB5B4C700B63CA1 /* Assets.xcassets in Resources */,
			);
			runOnlyForDeploymentPostprocessing = 0;
		};
/* End PBXResourcesBuildPhase section */

/* Begin PBXSourcesBuildPhase section */
		EBCC1B452AB5B4C400B63CA1 /* Sources */ = {
			isa = PBXSourcesBuildPhase;
			buildActionMask = 2147483647;
			files = (
				EBE813F52AB6DE61006B6407 /* Extension+String.swift in Sources */,
				EBCC1B732AB5E73200B63CA1 /* ImageCache.swift in Sources */,
				EBCC1B7C2AB5EC1800B63CA1 /* MovieEndpoint.swift in Sources */,
				EBCC1B642AB5C5A400B63CA1 /* PinterestItemView.swift in Sources */,
				EBE813F72AB6DEBA006B6407 /* CoreDataManager.swift in Sources */,
				EBCC1B6E2AB5E4F200B63CA1 /* SubtitleComponent.swift in Sources */,
				EBCC1B602AB5BA9F00B63CA1 /* PinterestGridView.swift in Sources */,
				EBCC1B6C2AB5D58E00B63CA1 /* HomeDetailView.swift in Sources */,
				EBCC1B4D2AB5B4C400B63CA1 /* MovieTestAppApp.swift in Sources */,
				EBCC1B712AB5E72200B63CA1 /* ImageLoader.swift in Sources */,
				EBE813FD2AB6E82C006B6407 /* Extension+Array.swift in Sources */,
				EBE813FB2AB6DF4A006B6407 /* MovieModel.xcdatamodeld in Sources */,
				EBCC1B622AB5BAD900B63CA1 /* Movie.swift in Sources */,
				EBCC1B7A2AB5EBFC00B63CA1 /* HomeService.swift in Sources */,
				EBCC1B7E2AB6417200B63CA1 /* PinterestItemViewViewModel.swift in Sources */,
				EBCC1B682AB5D49C00B63CA1 /* Extension+EnvironmentValue.swift in Sources */,
				EBCC1B752AB5E9DB00B63CA1 /* HomeDetailViewViewModel.swift in Sources */,
				EBCC1B772AB5EA9400B63CA1 /* HomeViewViewModel.swift in Sources */,
				EBCC1B5E2AB5B51E00B63CA1 /* HomeView.swift in Sources */,
			);
			runOnlyForDeploymentPostprocessing = 0;
		};
/* End PBXSourcesBuildPhase section */

/* Begin XCBuildConfiguration section */
		EBCC1B552AB5B4C700B63CA1 /* Debug */ = {
			isa = XCBuildConfiguration;
			buildSettings = {
				ALWAYS_SEARCH_USER_PATHS = NO;
				CLANG_ANALYZER_NONNULL = YES;
				CLANG_ANALYZER_NUMBER_OBJECT_CONVERSION = YES_AGGRESSIVE;
				CLANG_CXX_LANGUAGE_STANDARD = "gnu++20";
				CLANG_ENABLE_MODULES = YES;
				CLANG_ENABLE_OBJC_ARC = YES;
				CLANG_ENABLE_OBJC_WEAK = YES;
				CLANG_WARN_BLOCK_CAPTURE_AUTORELEASING = YES;
				CLANG_WARN_BOOL_CONVERSION = YES;
				CLANG_WARN_COMMA = YES;
				CLANG_WARN_CONSTANT_CONVERSION = YES;
				CLANG_WARN_DEPRECATED_OBJC_IMPLEMENTATIONS = YES;
				CLANG_WARN_DIRECT_OBJC_ISA_USAGE = YES_ERROR;
				CLANG_WARN_DOCUMENTATION_COMMENTS = YES;
				CLANG_WARN_EMPTY_BODY = YES;
				CLANG_WARN_ENUM_CONVERSION = YES;
				CLANG_WARN_INFINITE_RECURSION = YES;
				CLANG_WARN_INT_CONVERSION = YES;
				CLANG_WARN_NON_LITERAL_NULL_CONVERSION = YES;
				CLANG_WARN_OBJC_IMPLICIT_RETAIN_SELF = YES;
				CLANG_WARN_OBJC_LITERAL_CONVERSION = YES;
				CLANG_WARN_OBJC_ROOT_CLASS = YES_ERROR;
				CLANG_WARN_QUOTED_INCLUDE_IN_FRAMEWORK_HEADER = YES;
				CLANG_WARN_RANGE_LOOP_ANALYSIS = YES;
				CLANG_WARN_STRICT_PROTOTYPES = YES;
				CLANG_WARN_SUSPICIOUS_MOVE = YES;
				CLANG_WARN_UNGUARDED_AVAILABILITY = YES_AGGRESSIVE;
				CLANG_WARN_UNREACHABLE_CODE = YES;
				CLANG_WARN__DUPLICATE_METHOD_MATCH = YES;
				COPY_PHASE_STRIP = NO;
				DEBUG_INFORMATION_FORMAT = dwarf;
				ENABLE_STRICT_OBJC_MSGSEND = YES;
				ENABLE_TESTABILITY = YES;
				GCC_C_LANGUAGE_STANDARD = gnu11;
				GCC_DYNAMIC_NO_PIC = NO;
				GCC_NO_COMMON_BLOCKS = YES;
				GCC_OPTIMIZATION_LEVEL = 0;
				GCC_PREPROCESSOR_DEFINITIONS = (
					"DEBUG=1",
					"$(inherited)",
				);
				GCC_WARN_64_TO_32_BIT_CONVERSION = YES;
				GCC_WARN_ABOUT_RETURN_TYPE = YES_ERROR;
				GCC_WARN_UNDECLARED_SELECTOR = YES;
				GCC_WARN_UNINITIALIZED_AUTOS = YES_AGGRESSIVE;
				GCC_WARN_UNUSED_FUNCTION = YES;
				GCC_WARN_UNUSED_VARIABLE = YES;
				IPHONEOS_DEPLOYMENT_TARGET = 16.2;
				MTL_ENABLE_DEBUG_INFO = INCLUDE_SOURCE;
				MTL_FAST_MATH = YES;
				ONLY_ACTIVE_ARCH = YES;
				SDKROOT = iphoneos;
				SWIFT_ACTIVE_COMPILATION_CONDITIONS = DEBUG;
				SWIFT_OPTIMIZATION_LEVEL = "-Onone";
			};
			name = Debug;
		};
		EBCC1B562AB5B4C700B63CA1 /* Release */ = {
			isa = XCBuildConfiguration;
			buildSettings = {
				ALWAYS_SEARCH_USER_PATHS = NO;
				CLANG_ANALYZER_NONNULL = YES;
				CLANG_ANALYZER_NUMBER_OBJECT_CONVERSION = YES_AGGRESSIVE;
				CLANG_CXX_LANGUAGE_STANDARD = "gnu++20";
				CLANG_ENABLE_MODULES = YES;
				CLANG_ENABLE_OBJC_ARC = YES;
				CLANG_ENABLE_OBJC_WEAK = YES;
				CLANG_WARN_BLOCK_CAPTURE_AUTORELEASING = YES;
				CLANG_WARN_BOOL_CONVERSION = YES;
				CLANG_WARN_COMMA = YES;
				CLANG_WARN_CONSTANT_CONVERSION = YES;
				CLANG_WARN_DEPRECATED_OBJC_IMPLEMENTATIONS = YES;
				CLANG_WARN_DIRECT_OBJC_ISA_USAGE = YES_ERROR;
				CLANG_WARN_DOCUMENTATION_COMMENTS = YES;
				CLANG_WARN_EMPTY_BODY = YES;
				CLANG_WARN_ENUM_CONVERSION = YES;
				CLANG_WARN_INFINITE_RECURSION = YES;
				CLANG_WARN_INT_CONVERSION = YES;
				CLANG_WARN_NON_LITERAL_NULL_CONVERSION = YES;
				CLANG_WARN_OBJC_IMPLICIT_RETAIN_SELF = YES;
				CLANG_WARN_OBJC_LITERAL_CONVERSION = YES;
				CLANG_WARN_OBJC_ROOT_CLASS = YES_ERROR;
				CLANG_WARN_QUOTED_INCLUDE_IN_FRAMEWORK_HEADER = YES;
				CLANG_WARN_RANGE_LOOP_ANALYSIS = YES;
				CLANG_WARN_STRICT_PROTOTYPES = YES;
				CLANG_WARN_SUSPICIOUS_MOVE = YES;
				CLANG_WARN_UNGUARDED_AVAILABILITY = YES_AGGRESSIVE;
				CLANG_WARN_UNREACHABLE_CODE = YES;
				CLANG_WARN__DUPLICATE_METHOD_MATCH = YES;
				COPY_PHASE_STRIP = NO;
				DEBUG_INFORMATION_FORMAT = "dwarf-with-dsym";
				ENABLE_NS_ASSERTIONS = NO;
				ENABLE_STRICT_OBJC_MSGSEND = YES;
				GCC_C_LANGUAGE_STANDARD = gnu11;
				GCC_NO_COMMON_BLOCKS = YES;
				GCC_WARN_64_TO_32_BIT_CONVERSION = YES;
				GCC_WARN_ABOUT_RETURN_TYPE = YES_ERROR;
				GCC_WARN_UNDECLARED_SELECTOR = YES;
				GCC_WARN_UNINITIALIZED_AUTOS = YES_AGGRESSIVE;
				GCC_WARN_UNUSED_FUNCTION = YES;
				GCC_WARN_UNUSED_VARIABLE = YES;
				IPHONEOS_DEPLOYMENT_TARGET = 16.2;
				MTL_ENABLE_DEBUG_INFO = NO;
				MTL_FAST_MATH = YES;
				SDKROOT = iphoneos;
				SWIFT_COMPILATION_MODE = wholemodule;
				SWIFT_OPTIMIZATION_LEVEL = "-O";
				VALIDATE_PRODUCT = YES;
			};
			name = Release;
		};
		EBCC1B582AB5B4C700B63CA1 /* Debug */ = {
			isa = XCBuildConfiguration;
			buildSettings = {
				ASSETCATALOG_COMPILER_APPICON_NAME = AppIcon;
				ASSETCATALOG_COMPILER_GLOBAL_ACCENT_COLOR_NAME = AccentColor;
				CODE_SIGN_STYLE = Automatic;
				CURRENT_PROJECT_VERSION = 1;
				DEVELOPMENT_ASSET_PATHS = "\"MovieTestApp/Preview Content\"";
				ENABLE_PREVIEWS = YES;
				GENERATE_INFOPLIST_FILE = YES;
				INFOPLIST_KEY_UIApplicationSceneManifest_Generation = YES;
				INFOPLIST_KEY_UIApplicationSupportsIndirectInputEvents = YES;
				INFOPLIST_KEY_UILaunchScreen_Generation = YES;
				INFOPLIST_KEY_UISupportedInterfaceOrientations_iPad = "UIInterfaceOrientationPortrait UIInterfaceOrientationPortraitUpsideDown UIInterfaceOrientationLandscapeLeft UIInterfaceOrientationLandscapeRight";
				INFOPLIST_KEY_UISupportedInterfaceOrientations_iPhone = "UIInterfaceOrientationPortrait UIInterfaceOrientationLandscapeLeft UIInterfaceOrientationLandscapeRight";
				IPHONEOS_DEPLOYMENT_TARGET = 15.0;
				LD_RUNPATH_SEARCH_PATHS = (
					"$(inherited)",
					"@executable_path/Frameworks",
				);
				MARKETING_VERSION = 1.0;
				PRODUCT_BUNDLE_IDENTIFIER = my.testapp.MovieTestApp;
				PRODUCT_NAME = "$(TARGET_NAME)";
				SWIFT_EMIT_LOC_STRINGS = YES;
				SWIFT_VERSION = 5.0;
				TARGETED_DEVICE_FAMILY = "1,2";
			};
			name = Debug;
		};
		EBCC1B592AB5B4C700B63CA1 /* Release */ = {
			isa = XCBuildConfiguration;
			buildSettings = {
				ASSETCATALOG_COMPILER_APPICON_NAME = AppIcon;
				ASSETCATALOG_COMPILER_GLOBAL_ACCENT_COLOR_NAME = AccentColor;
				CODE_SIGN_STYLE = Automatic;
				CURRENT_PROJECT_VERSION = 1;
				DEVELOPMENT_ASSET_PATHS = "\"MovieTestApp/Preview Content\"";
				ENABLE_PREVIEWS = YES;
				GENERATE_INFOPLIST_FILE = YES;
				INFOPLIST_KEY_UIApplicationSceneManifest_Generation = YES;
				INFOPLIST_KEY_UIApplicationSupportsIndirectInputEvents = YES;
				INFOPLIST_KEY_UILaunchScreen_Generation = YES;
				INFOPLIST_KEY_UISupportedInterfaceOrientations_iPad = "UIInterfaceOrientationPortrait UIInterfaceOrientationPortraitUpsideDown UIInterfaceOrientationLandscapeLeft UIInterfaceOrientationLandscapeRight";
				INFOPLIST_KEY_UISupportedInterfaceOrientations_iPhone = "UIInterfaceOrientationPortrait UIInterfaceOrientationLandscapeLeft UIInterfaceOrientationLandscapeRight";
				IPHONEOS_DEPLOYMENT_TARGET = 15.0;
				LD_RUNPATH_SEARCH_PATHS = (
					"$(inherited)",
					"@executable_path/Frameworks",
				);
				MARKETING_VERSION = 1.0;
				PRODUCT_BUNDLE_IDENTIFIER = my.testapp.MovieTestApp;
				PRODUCT_NAME = "$(TARGET_NAME)";
				SWIFT_EMIT_LOC_STRINGS = YES;
				SWIFT_VERSION = 5.0;
				TARGETED_DEVICE_FAMILY = "1,2";
			};
			name = Release;
		};
/* End XCBuildConfiguration section */

/* Begin XCConfigurationList section */
		EBCC1B442AB5B4C400B63CA1 /* Build configuration list for PBXProject "MovieTestApp" */ = {
			isa = XCConfigurationList;
			buildConfigurations = (
				EBCC1B552AB5B4C700B63CA1 /* Debug */,
				EBCC1B562AB5B4C700B63CA1 /* Release */,
			);
			defaultConfigurationIsVisible = 0;
			defaultConfigurationName = Release;
		};
		EBCC1B572AB5B4C700B63CA1 /* Build configuration list for PBXNativeTarget "MovieTestApp" */ = {
			isa = XCConfigurationList;
			buildConfigurations = (
				EBCC1B582AB5B4C700B63CA1 /* Debug */,
				EBCC1B592AB5B4C700B63CA1 /* Release */,
			);
			defaultConfigurationIsVisible = 0;
			defaultConfigurationName = Release;
		};
/* End XCConfigurationList section */

/* Begin XCVersionGroup section */
		EBE813F92AB6DF4A006B6407 /* MovieModel.xcdatamodeld */ = {
			isa = XCVersionGroup;
			children = (
				EBE813FA2AB6DF4A006B6407 /* MovieModel.xcdatamodel */,
			);
			currentVersion = EBE813FA2AB6DF4A006B6407 /* MovieModel.xcdatamodel */;
			path = MovieModel.xcdatamodeld;
			sourceTree = "<group>";
			versionGroupType = wrapper.xcdatamodel;
		};
/* End XCVersionGroup section */
	};
	rootObject = EBCC1B412AB5B4C400B63CA1 /* Project object */;
}
